
Microsoft Visual Studio Solution File, Format Version 12.00
# Visual Studio 2013
VisualStudioVersion = 12.0.30723.0
MinimumVisualStudioVersion = 10.0.40219.1
Project("{FAE04EC0-301F-11D3-BF4B-00C04F79EFBC}") = "CSVtoJSON", "CSVtoJSON\CSVtoJSON.csproj", "{F838AFB3-8C53-456E-A55C-E3AA7AA20FCC}"
EndProject
Global
	GlobalSection(SolutionConfigurationPlatforms) = preSolution
		Debug|Any CPU = Debug|Any CPU
		Release|Any CPU = Release|Any CPU
	EndGlobalSection
	GlobalSection(ProjectConfigurationPlatforms) = postSolution
		{F838AFB3-8C53-456E-A55C-E3AA7AA20FCC}.Debug|Any CPU.ActiveCfg = Debug|Any CPU
		{F838AFB3-8C53-456E-A55C-E3AA7AA20FCC}.Debug|Any CPU.Build.0 = Debug|Any CPU
		{F838AFB3-8C53-456E-A55C-E3AA7AA20FCC}.Release|Any CPU.ActiveCfg = Release|Any CPU
		{F838AFB3-8C53-456E-A55C-E3AA7AA20FCC}.Release|Any CPU.Build.0 = Release|Any CPU
	EndGlobalSection
	GlobalSection(SolutionProperties) = preSolution
		HideSolutionNode = FALSE
	EndGlobalSection
EndGlobal
